// !$*UTF8*$!
{
	archiveVersion = 1;
	classes = {
	};
	objectVersion = 56;
	objects = {

/* Begin PBXBuildFile section */
		23283BFC296A0F56000F3F6C /* AppDelegate.swift in Sources */ = {isa = PBXBuildFile; fileRef = 23283BFB296A0F56000F3F6C /* AppDelegate.swift */; };
		23283BFE296A0F56000F3F6C /* SceneDelegate.swift in Sources */ = {isa = PBXBuildFile; fileRef = 23283BFD296A0F56000F3F6C /* SceneDelegate.swift */; };
		23283C05296A0F5B000F3F6C /* Assets.xcassets in Resources */ = {isa = PBXBuildFile; fileRef = 23283C04296A0F5B000F3F6C /* Assets.xcassets */; };
		23283C08296A0F5B000F3F6C /* LaunchScreen.storyboard in Resources */ = {isa = PBXBuildFile; fileRef = 23283C06296A0F5B000F3F6C /* LaunchScreen.storyboard */; };
		23283C16296A0FEB000F3F6C /* UserProvider.swift in Sources */ = {isa = PBXBuildFile; fileRef = 23283C15296A0FEB000F3F6C /* UserProvider.swift */; };
		23283C18296A1020000F3F6C /* UserModel.swift in Sources */ = {isa = PBXBuildFile; fileRef = 23283C17296A1020000F3F6C /* UserModel.swift */; };
		238D2EFD2981F5A30048EA48 /* HomeView.swift in Sources */ = {isa = PBXBuildFile; fileRef = 238D2EFC2981F5A30048EA48 /* HomeView.swift */; };
		23B4BE3F296B6822006B207C /* Constants.swift in Sources */ = {isa = PBXBuildFile; fileRef = 23B4BE3E296B6822006B207C /* Constants.swift */; };
		23B4BE41296B6F8C006B207C /* UserBusiness.swift in Sources */ = {isa = PBXBuildFile; fileRef = 23B4BE40296B6F8C006B207C /* UserBusiness.swift */; };
		23B4BE43296B7633006B207C /* UserManager.swift in Sources */ = {isa = PBXBuildFile; fileRef = 23B4BE42296B7633006B207C /* UserManager.swift */; };
		23B4BE84296CE956006B207C /* GoogleService-Info.plist in Resources */ = {isa = PBXBuildFile; fileRef = 23B4BE83296CE956006B207C /* GoogleService-Info.plist */; };
		23DFFA672974CE4400A0C147 /* ViewController.swift in Sources */ = {isa = PBXBuildFile; fileRef = 23DFFA662974CE4400A0C147 /* ViewController.swift */; };
		23DFFA6A2974CE7900A0C147 /* Coordinator.swift in Sources */ = {isa = PBXBuildFile; fileRef = 23DFFA692974CE7900A0C147 /* Coordinator.swift */; };
		23DFFA6C2974D01B00A0C147 /* LoginCoordinator.swift in Sources */ = {isa = PBXBuildFile; fileRef = 23DFFA6B2974D01B00A0C147 /* LoginCoordinator.swift */; };
		23DFFA6E2974D10E00A0C147 /* UiColor+.swift in Sources */ = {isa = PBXBuildFile; fileRef = 23DFFA6D2974D10E00A0C147 /* UiColor+.swift */; };
		23DFFA722974D29000A0C147 /* LoginViewController.swift in Sources */ = {isa = PBXBuildFile; fileRef = 23DFFA712974D29000A0C147 /* LoginViewController.swift */; };
		23DFFA7429761A5000A0C147 /* LoginView.swift in Sources */ = {isa = PBXBuildFile; fileRef = 23DFFA7329761A5000A0C147 /* LoginView.swift */; };
		23DFFA7629761FF100A0C147 /* UiTextField+.swift in Sources */ = {isa = PBXBuildFile; fileRef = 23DFFA7529761FF100A0C147 /* UiTextField+.swift */; };
		23DFFA782976261300A0C147 /* RegisterCoordinator.swift in Sources */ = {isa = PBXBuildFile; fileRef = 23DFFA772976261300A0C147 /* RegisterCoordinator.swift */; };
		23DFFA7B2976268B00A0C147 /* RegisterViewController.swift in Sources */ = {isa = PBXBuildFile; fileRef = 23DFFA7A2976268B00A0C147 /* RegisterViewController.swift */; };
		23DFFA7D2976285200A0C147 /* RegisterView.swift in Sources */ = {isa = PBXBuildFile; fileRef = 23DFFA7C2976285200A0C147 /* RegisterView.swift */; };
		23DFFA7F29762BC900A0C147 /* HomeCoordinator.swift in Sources */ = {isa = PBXBuildFile; fileRef = 23DFFA7E29762BC900A0C147 /* HomeCoordinator.swift */; };
		23DFFA822978B50300A0C147 /* UserViewModel.swift in Sources */ = {isa = PBXBuildFile; fileRef = 23DFFA812978B50300A0C147 /* UserViewModel.swift */; };
		23DFFA852978B85400A0C147 /* HomeViewController.swift in Sources */ = {isa = PBXBuildFile; fileRef = 23DFFA842978B85400A0C147 /* HomeViewController.swift */; };
		B29ACF9C89A534C3878F6BC8 /* Pods_SwiftArquiteturas.framework in Frameworks */ = {isa = PBXBuildFile; fileRef = AC98B4DD9DAADD9C576A959D /* Pods_SwiftArquiteturas.framework */; };
/* End PBXBuildFile section */

/* Begin PBXFileReference section */
		23283BF8296A0F56000F3F6C /* SwiftArquiteturas.app */ = {isa = PBXFileReference; explicitFileType = wrapper.application; includeInIndex = 0; path = SwiftArquiteturas.app; sourceTree = BUILT_PRODUCTS_DIR; };
		23283BFB296A0F56000F3F6C /* AppDelegate.swift */ = {isa = PBXFileReference; lastKnownFileType = sourcecode.swift; path = AppDelegate.swift; sourceTree = "<group>"; };
		23283BFD296A0F56000F3F6C /* SceneDelegate.swift */ = {isa = PBXFileReference; lastKnownFileType = sourcecode.swift; path = SceneDelegate.swift; sourceTree = "<group>"; };
		23283C04296A0F5B000F3F6C /* Assets.xcassets */ = {isa = PBXFileReference; lastKnownFileType = folder.assetcatalog; path = Assets.xcassets; sourceTree = "<group>"; };
		23283C07296A0F5B000F3F6C /* Base */ = {isa = PBXFileReference; lastKnownFileType = file.storyboard; name = Base; path = Base.lproj/LaunchScreen.storyboard; sourceTree = "<group>"; };
		23283C09296A0F5B000F3F6C /* Info.plist */ = {isa = PBXFileReference; lastKnownFileType = text.plist.xml; path = Info.plist; sourceTree = "<group>"; };
		23283C15296A0FEB000F3F6C /* UserProvider.swift */ = {isa = PBXFileReference; lastKnownFileType = sourcecode.swift; path = UserProvider.swift; sourceTree = "<group>"; };
		23283C17296A1020000F3F6C /* UserModel.swift */ = {isa = PBXFileReference; lastKnownFileType = sourcecode.swift; path = UserModel.swift; sourceTree = "<group>"; };
		238D2EFC2981F5A30048EA48 /* HomeView.swift */ = {isa = PBXFileReference; lastKnownFileType = sourcecode.swift; path = HomeView.swift; sourceTree = "<group>"; };
		23B4BE3E296B6822006B207C /* Constants.swift */ = {isa = PBXFileReference; lastKnownFileType = sourcecode.swift; path = Constants.swift; sourceTree = "<group>"; };
		23B4BE40296B6F8C006B207C /* UserBusiness.swift */ = {isa = PBXFileReference; lastKnownFileType = sourcecode.swift; path = UserBusiness.swift; sourceTree = "<group>"; };
		23B4BE42296B7633006B207C /* UserManager.swift */ = {isa = PBXFileReference; lastKnownFileType = sourcecode.swift; path = UserManager.swift; sourceTree = "<group>"; };
		23B4BE83296CE956006B207C /* GoogleService-Info.plist */ = {isa = PBXFileReference; fileEncoding = 4; lastKnownFileType = text.plist.xml; path = "GoogleService-Info.plist"; sourceTree = "<group>"; };
		23DFFA662974CE4400A0C147 /* ViewController.swift */ = {isa = PBXFileReference; lastKnownFileType = sourcecode.swift; path = ViewController.swift; sourceTree = "<group>"; };
		23DFFA692974CE7900A0C147 /* Coordinator.swift */ = {isa = PBXFileReference; lastKnownFileType = sourcecode.swift; path = Coordinator.swift; sourceTree = "<group>"; };
		23DFFA6B2974D01B00A0C147 /* LoginCoordinator.swift */ = {isa = PBXFileReference; lastKnownFileType = sourcecode.swift; path = LoginCoordinator.swift; sourceTree = "<group>"; };
		23DFFA6D2974D10E00A0C147 /* UiColor+.swift */ = {isa = PBXFileReference; lastKnownFileType = sourcecode.swift; path = "UiColor+.swift"; sourceTree = "<group>"; };
		23DFFA712974D29000A0C147 /* LoginViewController.swift */ = {isa = PBXFileReference; lastKnownFileType = sourcecode.swift; path = LoginViewController.swift; sourceTree = "<group>"; };
		23DFFA7329761A5000A0C147 /* LoginView.swift */ = {isa = PBXFileReference; lastKnownFileType = sourcecode.swift; path = LoginView.swift; sourceTree = "<group>"; };
		23DFFA7529761FF100A0C147 /* UiTextField+.swift */ = {isa = PBXFileReference; lastKnownFileType = sourcecode.swift; path = "UiTextField+.swift"; sourceTree = "<group>"; };
		23DFFA772976261300A0C147 /* RegisterCoordinator.swift */ = {isa = PBXFileReference; lastKnownFileType = sourcecode.swift; path = RegisterCoordinator.swift; sourceTree = "<group>"; };
		23DFFA7A2976268B00A0C147 /* RegisterViewController.swift */ = {isa = PBXFileReference; lastKnownFileType = sourcecode.swift; path = RegisterViewController.swift; sourceTree = "<group>"; };
		23DFFA7C2976285200A0C147 /* RegisterView.swift */ = {isa = PBXFileReference; lastKnownFileType = sourcecode.swift; path = RegisterView.swift; sourceTree = "<group>"; };
		23DFFA7E29762BC900A0C147 /* HomeCoordinator.swift */ = {isa = PBXFileReference; lastKnownFileType = sourcecode.swift; path = HomeCoordinator.swift; sourceTree = "<group>"; };
		23DFFA812978B50300A0C147 /* UserViewModel.swift */ = {isa = PBXFileReference; lastKnownFileType = sourcecode.swift; path = UserViewModel.swift; sourceTree = "<group>"; };
		23DFFA842978B85400A0C147 /* HomeViewController.swift */ = {isa = PBXFileReference; lastKnownFileType = sourcecode.swift; path = HomeViewController.swift; sourceTree = "<group>"; };
		AC98B4DD9DAADD9C576A959D /* Pods_SwiftArquiteturas.framework */ = {isa = PBXFileReference; explicitFileType = wrapper.framework; includeInIndex = 0; path = Pods_SwiftArquiteturas.framework; sourceTree = BUILT_PRODUCTS_DIR; };
		BEDEAFA4C130715CB027E7B6 /* Pods-SwiftArquiteturas.release.xcconfig */ = {isa = PBXFileReference; includeInIndex = 1; lastKnownFileType = text.xcconfig; name = "Pods-SwiftArquiteturas.release.xcconfig"; path = "Target Support Files/Pods-SwiftArquiteturas/Pods-SwiftArquiteturas.release.xcconfig"; sourceTree = "<group>"; };
		EAFDEC46C1D4E623E26AFB49 /* Pods-SwiftArquiteturas.debug.xcconfig */ = {isa = PBXFileReference; includeInIndex = 1; lastKnownFileType = text.xcconfig; name = "Pods-SwiftArquiteturas.debug.xcconfig"; path = "Target Support Files/Pods-SwiftArquiteturas/Pods-SwiftArquiteturas.debug.xcconfig"; sourceTree = "<group>"; };
/* End PBXFileReference section */

/* Begin PBXFrameworksBuildPhase section */
		23283BF5296A0F56000F3F6C /* Frameworks */ = {
			isa = PBXFrameworksBuildPhase;
			buildActionMask = 2147483647;
			files = (
				B29ACF9C89A534C3878F6BC8 /* Pods_SwiftArquiteturas.framework in Frameworks */,
			);
			runOnlyForDeploymentPostprocessing = 0;
		};
/* End PBXFrameworksBuildPhase section */

/* Begin PBXGroup section */
		23283BEF296A0F56000F3F6C = {
			isa = PBXGroup;
			children = (
				23283BFA296A0F56000F3F6C /* SwiftArquiteturas */,
				23283BF9296A0F56000F3F6C /* Products */,
				365BEE447DD3F123431F214A /* Pods */,
				759CAB369AF3D2C4F01ADD26 /* Frameworks */,
			);
			sourceTree = "<group>";
		};
		23283BF9296A0F56000F3F6C /* Products */ = {
			isa = PBXGroup;
			children = (
				23283BF8296A0F56000F3F6C /* SwiftArquiteturas.app */,
			);
			name = Products;
			sourceTree = "<group>";
		};
		23283BFA296A0F56000F3F6C /* SwiftArquiteturas */ = {
			isa = PBXGroup;
			children = (
				23283C09296A0F5B000F3F6C /* Info.plist */,
				23B4BE83296CE956006B207C /* GoogleService-Info.plist */,
				23283C10296A0F79000F3F6C /* API */,
				23DFFA6F2974D27B00A0C147 /* Controllers */,
				23DFFA682974CE6100A0C147 /* Coordinator */,
				23B4BE3D296B6809006B207C /* Infrastructure */,
				23283C0F296A0F65000F3F6C /* Source */,
				23DFFA802978B49200A0C147 /* ViewModel */,
			);
			path = SwiftArquiteturas;
			sourceTree = "<group>";
		};
		23283C0F296A0F65000F3F6C /* Source */ = {
			isa = PBXGroup;
			children = (
				23283BFB296A0F56000F3F6C /* AppDelegate.swift */,
				23283BFD296A0F56000F3F6C /* SceneDelegate.swift */,
				23DFFA662974CE4400A0C147 /* ViewController.swift */,
				23283C04296A0F5B000F3F6C /* Assets.xcassets */,
				23283C06296A0F5B000F3F6C /* LaunchScreen.storyboard */,
			);
			path = Source;
			sourceTree = "<group>";
		};
		23283C10296A0F79000F3F6C /* API */ = {
			isa = PBXGroup;
			children = (
				23283C11296A0F90000F3F6C /* Model */,
				23283C12296A0F97000F3F6C /* Provider */,
				23283C13296A0FC0000F3F6C /* Manager */,
				23283C14296A0FC8000F3F6C /* Business */,
			);
			path = API;
			sourceTree = "<group>";
		};
		23283C11296A0F90000F3F6C /* Model */ = {
			isa = PBXGroup;
			children = (
				23283C17296A1020000F3F6C /* UserModel.swift */,
			);
			path = Model;
			sourceTree = "<group>";
		};
		23283C12296A0F97000F3F6C /* Provider */ = {
			isa = PBXGroup;
			children = (
				23283C15296A0FEB000F3F6C /* UserProvider.swift */,
			);
			path = Provider;
			sourceTree = "<group>";
		};
		23283C13296A0FC0000F3F6C /* Manager */ = {
			isa = PBXGroup;
			children = (
				23B4BE42296B7633006B207C /* UserManager.swift */,
			);
			path = Manager;
			sourceTree = "<group>";
		};
		23283C14296A0FC8000F3F6C /* Business */ = {
			isa = PBXGroup;
			children = (
				23B4BE40296B6F8C006B207C /* UserBusiness.swift */,
			);
			path = Business;
			sourceTree = "<group>";
		};
		23B4BE3D296B6809006B207C /* Infrastructure */ = {
			isa = PBXGroup;
			children = (
				23B4BE3E296B6822006B207C /* Constants.swift */,
				23DFFA6D2974D10E00A0C147 /* UiColor+.swift */,
				23DFFA7529761FF100A0C147 /* UiTextField+.swift */,
			);
			path = Infrastructure;
			sourceTree = "<group>";
		};
		23DFFA682974CE6100A0C147 /* Coordinator */ = {
			isa = PBXGroup;
			children = (
				23DFFA692974CE7900A0C147 /* Coordinator.swift */,
				23DFFA6B2974D01B00A0C147 /* LoginCoordinator.swift */,
				23DFFA772976261300A0C147 /* RegisterCoordinator.swift */,
				23DFFA7E29762BC900A0C147 /* HomeCoordinator.swift */,
			);
			path = Coordinator;
			sourceTree = "<group>";
		};
		23DFFA6F2974D27B00A0C147 /* Controllers */ = {
			isa = PBXGroup;
			children = (
				23DFFA832978B84200A0C147 /* Home */,
				23DFFA792976267900A0C147 /* Register */,
				23DFFA702974D28200A0C147 /* Login */,
			);
			path = Controllers;
			sourceTree = "<group>";
		};
		23DFFA702974D28200A0C147 /* Login */ = {
			isa = PBXGroup;
			children = (
				23DFFA712974D29000A0C147 /* LoginViewController.swift */,
				23DFFA7329761A5000A0C147 /* LoginView.swift */,
			);
			path = Login;
			sourceTree = "<group>";
		};
		23DFFA792976267900A0C147 /* Register */ = {
			isa = PBXGroup;
			children = (
				23DFFA7A2976268B00A0C147 /* RegisterViewController.swift */,
				23DFFA7C2976285200A0C147 /* RegisterView.swift */,
			);
			path = Register;
			sourceTree = "<group>";
		};
		23DFFA802978B49200A0C147 /* ViewModel */ = {
			isa = PBXGroup;
			children = (
				23DFFA812978B50300A0C147 /* UserViewModel.swift */,
			);
			path = ViewModel;
			sourceTree = "<group>";
		};
		23DFFA832978B84200A0C147 /* Home */ = {
			isa = PBXGroup;
			children = (
				23DFFA842978B85400A0C147 /* HomeViewController.swift */,
				238D2EFC2981F5A30048EA48 /* HomeView.swift */,
			);
			path = Home;
			sourceTree = "<group>";
		};
		365BEE447DD3F123431F214A /* Pods */ = {
			isa = PBXGroup;
			children = (
				EAFDEC46C1D4E623E26AFB49 /* Pods-SwiftArquiteturas.debug.xcconfig */,
				BEDEAFA4C130715CB027E7B6 /* Pods-SwiftArquiteturas.release.xcconfig */,
			);
			path = Pods;
			sourceTree = "<group>";
		};
		759CAB369AF3D2C4F01ADD26 /* Frameworks */ = {
			isa = PBXGroup;
			children = (
				AC98B4DD9DAADD9C576A959D /* Pods_SwiftArquiteturas.framework */,
			);
			name = Frameworks;
			sourceTree = "<group>";
		};
/* End PBXGroup section */

/* Begin PBXNativeTarget section */
		23283BF7296A0F56000F3F6C /* SwiftArquiteturas */ = {
			isa = PBXNativeTarget;
			buildConfigurationList = 23283C0C296A0F5B000F3F6C /* Build configuration list for PBXNativeTarget "SwiftArquiteturas" */;
			buildPhases = (
				481E0AAB95A22F1FDC58C456 /* [CP] Check Pods Manifest.lock */,
				23283BF4296A0F56000F3F6C /* Sources */,
				23283BF5296A0F56000F3F6C /* Frameworks */,
				23283BF6296A0F56000F3F6C /* Resources */,
				5A0D65ECE8F05240C95168E4 /* [CP] Embed Pods Frameworks */,
			);
			buildRules = (
			);
			dependencies = (
			);
			name = SwiftArquiteturas;
			productName = SwiftArquiteturas;
			productReference = 23283BF8296A0F56000F3F6C /* SwiftArquiteturas.app */;
			productType = "com.apple.product-type.application";
		};
/* End PBXNativeTarget section */

/* Begin PBXProject section */
		23283BF0296A0F56000F3F6C /* Project object */ = {
			isa = PBXProject;
			attributes = {
				BuildIndependentTargetsInParallel = 1;
				LastSwiftUpdateCheck = 1410;
				LastUpgradeCheck = 1410;
				TargetAttributes = {
					23283BF7296A0F56000F3F6C = {
						CreatedOnToolsVersion = 14.1;
					};
				};
			};
			buildConfigurationList = 23283BF3296A0F56000F3F6C /* Build configuration list for PBXProject "SwiftArquiteturas" */;
			compatibilityVersion = "Xcode 14.0";
			developmentRegion = en;
			hasScannedForEncodings = 0;
			knownRegions = (
				en,
				Base,
			);
			mainGroup = 23283BEF296A0F56000F3F6C;
			productRefGroup = 23283BF9296A0F56000F3F6C /* Products */;
			projectDirPath = "";
			projectRoot = "";
			targets = (
				23283BF7296A0F56000F3F6C /* SwiftArquiteturas */,
			);
		};
/* End PBXProject section */

/* Begin PBXResourcesBuildPhase section */
		23283BF6296A0F56000F3F6C /* Resources */ = {
			isa = PBXResourcesBuildPhase;
			buildActionMask = 2147483647;
			files = (
				23283C08296A0F5B000F3F6C /* LaunchScreen.storyboard in Resources */,
				23B4BE84296CE956006B207C /* GoogleService-Info.plist in Resources */,
				23283C05296A0F5B000F3F6C /* Assets.xcassets in Resources */,
			);
			runOnlyForDeploymentPostprocessing = 0;
		};
/* End PBXResourcesBuildPhase section */

/* Begin PBXShellScriptBuildPhase section */
		481E0AAB95A22F1FDC58C456 /* [CP] Check Pods Manifest.lock */ = {
			isa = PBXShellScriptBuildPhase;
			buildActionMask = 2147483647;
			files = (
			);
			inputFileListPaths = (
			);
			inputPaths = (
				"${PODS_PODFILE_DIR_PATH}/Podfile.lock",
				"${PODS_ROOT}/Manifest.lock",
			);
			name = "[CP] Check Pods Manifest.lock";
			outputFileListPaths = (
			);
			outputPaths = (
				"$(DERIVED_FILE_DIR)/Pods-SwiftArquiteturas-checkManifestLockResult.txt",
			);
			runOnlyForDeploymentPostprocessing = 0;
			shellPath = /bin/sh;
			shellScript = "diff \"${PODS_PODFILE_DIR_PATH}/Podfile.lock\" \"${PODS_ROOT}/Manifest.lock\" > /dev/null\nif [ $? != 0 ] ; then\n    # print error to STDERR\n    echo \"error: The sandbox is not in sync with the Podfile.lock. Run 'pod install' or update your CocoaPods installation.\" >&2\n    exit 1\nfi\n# This output is used by Xcode 'outputs' to avoid re-running this script phase.\necho \"SUCCESS\" > \"${SCRIPT_OUTPUT_FILE_0}\"\n";
			showEnvVarsInLog = 0;
		};
		5A0D65ECE8F05240C95168E4 /* [CP] Embed Pods Frameworks */ = {
			isa = PBXShellScriptBuildPhase;
			buildActionMask = 2147483647;
			files = (
			);
			inputFileListPaths = (
				"${PODS_ROOT}/Target Support Files/Pods-SwiftArquiteturas/Pods-SwiftArquiteturas-frameworks-${CONFIGURATION}-input-files.xcfilelist",
			);
			name = "[CP] Embed Pods Frameworks";
			outputFileListPaths = (
				"${PODS_ROOT}/Target Support Files/Pods-SwiftArquiteturas/Pods-SwiftArquiteturas-frameworks-${CONFIGURATION}-output-files.xcfilelist",
			);
			runOnlyForDeploymentPostprocessing = 0;
			shellPath = /bin/sh;
			shellScript = "\"${PODS_ROOT}/Target Support Files/Pods-SwiftArquiteturas/Pods-SwiftArquiteturas-frameworks.sh\"\n";
			showEnvVarsInLog = 0;
		};
/* End PBXShellScriptBuildPhase section */

/* Begin PBXSourcesBuildPhase section */
		23283BF4296A0F56000F3F6C /* Sources */ = {
			isa = PBXSourcesBuildPhase;
			buildActionMask = 2147483647;
			files = (
				23DFFA722974D29000A0C147 /* LoginViewController.swift in Sources */,
				23283BFC296A0F56000F3F6C /* AppDelegate.swift in Sources */,
				23283BFE296A0F56000F3F6C /* SceneDelegate.swift in Sources */,
				23DFFA6E2974D10E00A0C147 /* UiColor+.swift in Sources */,
				23DFFA6C2974D01B00A0C147 /* LoginCoordinator.swift in Sources */,
				23DFFA7629761FF100A0C147 /* UiTextField+.swift in Sources */,
				23283C18296A1020000F3F6C /* UserModel.swift in Sources */,
				23DFFA6A2974CE7900A0C147 /* Coordinator.swift in Sources */,
				23DFFA7D2976285200A0C147 /* RegisterView.swift in Sources */,
				23283C16296A0FEB000F3F6C /* UserProvider.swift in Sources */,
				23B4BE3F296B6822006B207C /* Constants.swift in Sources */,
				23DFFA7F29762BC900A0C147 /* HomeCoordinator.swift in Sources */,
				23B4BE43296B7633006B207C /* UserManager.swift in Sources */,
				23DFFA822978B50300A0C147 /* UserViewModel.swift in Sources */,
				23DFFA7B2976268B00A0C147 /* RegisterViewController.swift in Sources */,
				238D2EFD2981F5A30048EA48 /* HomeView.swift in Sources */,
				23DFFA852978B85400A0C147 /* HomeViewController.swift in Sources */,
				23DFFA7429761A5000A0C147 /* LoginView.swift in Sources */,
				23DFFA672974CE4400A0C147 /* ViewController.swift in Sources */,
				23B4BE41296B6F8C006B207C /* UserBusiness.swift in Sources */,
				23DFFA782976261300A0C147 /* RegisterCoordinator.swift in Sources */,
			);
			runOnlyForDeploymentPostprocessing = 0;
		};
/* End PBXSourcesBuildPhase section */

/* Begin PBXVariantGroup section */
		23283C06296A0F5B000F3F6C /* LaunchScreen.storyboard */ = {
			isa = PBXVariantGroup;
			children = (
				23283C07296A0F5B000F3F6C /* Base */,
			);
			name = LaunchScreen.storyboard;
			sourceTree = "<group>";
		};
/* End PBXVariantGroup section */

/* Begin XCBuildConfiguration section */
		23283C0A296A0F5B000F3F6C /* Debug */ = {
			isa = XCBuildConfiguration;
			buildSettings = {
				ALWAYS_SEARCH_USER_PATHS = NO;
				CLANG_ANALYZER_NONNULL = YES;
				CLANG_ANALYZER_NUMBER_OBJECT_CONVERSION = YES_AGGRESSIVE;
				CLANG_CXX_LANGUAGE_STANDARD = "gnu++20";
				CLANG_ENABLE_MODULES = YES;
				CLANG_ENABLE_OBJC_ARC = YES;
				CLANG_ENABLE_OBJC_WEAK = YES;
				CLANG_WARN_BLOCK_CAPTURE_AUTORELEASING = YES;
				CLANG_WARN_BOOL_CONVERSION = YES;
				CLANG_WARN_COMMA = YES;
				CLANG_WARN_CONSTANT_CONVERSION = YES;
				CLANG_WARN_DEPRECATED_OBJC_IMPLEMENTATIONS = YES;
				CLANG_WARN_DIRECT_OBJC_ISA_USAGE = YES_ERROR;
				CLANG_WARN_DOCUMENTATION_COMMENTS = YES;
				CLANG_WARN_EMPTY_BODY = YES;
				CLANG_WARN_ENUM_CONVERSION = YES;
				CLANG_WARN_INFINITE_RECURSION = YES;
				CLANG_WARN_INT_CONVERSION = YES;
				CLANG_WARN_NON_LITERAL_NULL_CONVERSION = YES;
				CLANG_WARN_OBJC_IMPLICIT_RETAIN_SELF = YES;
				CLANG_WARN_OBJC_LITERAL_CONVERSION = YES;
				CLANG_WARN_OBJC_ROOT_CLASS = YES_ERROR;
				CLANG_WARN_QUOTED_INCLUDE_IN_FRAMEWORK_HEADER = YES;
				CLANG_WARN_RANGE_LOOP_ANALYSIS = YES;
				CLANG_WARN_STRICT_PROTOTYPES = YES;
				CLANG_WARN_SUSPICIOUS_MOVE = YES;
				CLANG_WARN_UNGUARDED_AVAILABILITY = YES_AGGRESSIVE;
				CLANG_WARN_UNREACHABLE_CODE = YES;
				CLANG_WARN__DUPLICATE_METHOD_MATCH = YES;
				COPY_PHASE_STRIP = NO;
				DEBUG_INFORMATION_FORMAT = dwarf;
				ENABLE_STRICT_OBJC_MSGSEND = YES;
				ENABLE_TESTABILITY = YES;
				GCC_C_LANGUAGE_STANDARD = gnu11;
				GCC_DYNAMIC_NO_PIC = NO;
				GCC_NO_COMMON_BLOCKS = YES;
				GCC_OPTIMIZATION_LEVEL = 0;
				GCC_PREPROCESSOR_DEFINITIONS = (
					"DEBUG=1",
					"$(inherited)",
				);
				GCC_WARN_64_TO_32_BIT_CONVERSION = YES;
				GCC_WARN_ABOUT_RETURN_TYPE = YES_ERROR;
				GCC_WARN_UNDECLARED_SELECTOR = YES;
				GCC_WARN_UNINITIALIZED_AUTOS = YES_AGGRESSIVE;
				GCC_WARN_UNUSED_FUNCTION = YES;
				GCC_WARN_UNUSED_VARIABLE = YES;
				IPHONEOS_DEPLOYMENT_TARGET = 16.1;
				MTL_ENABLE_DEBUG_INFO = INCLUDE_SOURCE;
				MTL_FAST_MATH = YES;
				ONLY_ACTIVE_ARCH = YES;
				SDKROOT = iphoneos;
				SWIFT_ACTIVE_COMPILATION_CONDITIONS = DEBUG;
				SWIFT_OPTIMIZATION_LEVEL = "-Onone";
			};
			name = Debug;
		};
		23283C0B296A0F5B000F3F6C /* Release */ = {
			isa = XCBuildConfiguration;
			buildSettings = {
				ALWAYS_SEARCH_USER_PATHS = NO;
				CLANG_ANALYZER_NONNULL = YES;
				CLANG_ANALYZER_NUMBER_OBJECT_CONVERSION = YES_AGGRESSIVE;
				CLANG_CXX_LANGUAGE_STANDARD = "gnu++20";
				CLANG_ENABLE_MODULES = YES;
				CLANG_ENABLE_OBJC_ARC = YES;
				CLANG_ENABLE_OBJC_WEAK = YES;
				CLANG_WARN_BLOCK_CAPTURE_AUTORELEASING = YES;
				CLANG_WARN_BOOL_CONVERSION = YES;
				CLANG_WARN_COMMA = YES;
				CLANG_WARN_CONSTANT_CONVERSION = YES;
				CLANG_WARN_DEPRECATED_OBJC_IMPLEMENTATIONS = YES;
				CLANG_WARN_DIRECT_OBJC_ISA_USAGE = YES_ERROR;
				CLANG_WARN_DOCUMENTATION_COMMENTS = YES;
				CLANG_WARN_EMPTY_BODY = YES;
				CLANG_WARN_ENUM_CONVERSION = YES;
				CLANG_WARN_INFINITE_RECURSION = YES;
				CLANG_WARN_INT_CONVERSION = YES;
				CLANG_WARN_NON_LITERAL_NULL_CONVERSION = YES;
				CLANG_WARN_OBJC_IMPLICIT_RETAIN_SELF = YES;
				CLANG_WARN_OBJC_LITERAL_CONVERSION = YES;
				CLANG_WARN_OBJC_ROOT_CLASS = YES_ERROR;
				CLANG_WARN_QUOTED_INCLUDE_IN_FRAMEWORK_HEADER = YES;
				CLANG_WARN_RANGE_LOOP_ANALYSIS = YES;
				CLANG_WARN_STRICT_PROTOTYPES = YES;
				CLANG_WARN_SUSPICIOUS_MOVE = YES;
				CLANG_WARN_UNGUARDED_AVAILABILITY = YES_AGGRESSIVE;
				CLANG_WARN_UNREACHABLE_CODE = YES;
				CLANG_WARN__DUPLICATE_METHOD_MATCH = YES;
				COPY_PHASE_STRIP = NO;
				DEBUG_INFORMATION_FORMAT = "dwarf-with-dsym";
				ENABLE_NS_ASSERTIONS = NO;
				ENABLE_STRICT_OBJC_MSGSEND = YES;
				GCC_C_LANGUAGE_STANDARD = gnu11;
				GCC_NO_COMMON_BLOCKS = YES;
				GCC_WARN_64_TO_32_BIT_CONVERSION = YES;
				GCC_WARN_ABOUT_RETURN_TYPE = YES_ERROR;
				GCC_WARN_UNDECLARED_SELECTOR = YES;
				GCC_WARN_UNINITIALIZED_AUTOS = YES_AGGRESSIVE;
				GCC_WARN_UNUSED_FUNCTION = YES;
				GCC_WARN_UNUSED_VARIABLE = YES;
				IPHONEOS_DEPLOYMENT_TARGET = 16.1;
				MTL_ENABLE_DEBUG_INFO = NO;
				MTL_FAST_MATH = YES;
				SDKROOT = iphoneos;
				SWIFT_COMPILATION_MODE = wholemodule;
				SWIFT_OPTIMIZATION_LEVEL = "-O";
				VALIDATE_PRODUCT = YES;
			};
			name = Release;
		};
		23283C0D296A0F5B000F3F6C /* Debug */ = {
			isa = XCBuildConfiguration;
			baseConfigurationReference = EAFDEC46C1D4E623E26AFB49 /* Pods-SwiftArquiteturas.debug.xcconfig */;
			buildSettings = {
				ASSETCATALOG_COMPILER_APPICON_NAME = AppIcon;
				ASSETCATALOG_COMPILER_GLOBAL_ACCENT_COLOR_NAME = AccentColor;
				CODE_SIGN_STYLE = Automatic;
				CURRENT_PROJECT_VERSION = 1;
				GENERATE_INFOPLIST_FILE = YES;
				INFOPLIST_FILE = SwiftArquiteturas/Info.plist;
				INFOPLIST_KEY_UIApplicationSupportsIndirectInputEvents = YES;
				INFOPLIST_KEY_UILaunchStoryboardName = LaunchScreen;
				INFOPLIST_KEY_UIMainStoryboardFile = "";
				INFOPLIST_KEY_UISupportedInterfaceOrientations_iPad = "UIInterfaceOrientationPortrait UIInterfaceOrientationPortraitUpsideDown UIInterfaceOrientationLandscapeLeft UIInterfaceOrientationLandscapeRight";
				INFOPLIST_KEY_UISupportedInterfaceOrientations_iPhone = "UIInterfaceOrientationPortrait UIInterfaceOrientationLandscapeLeft UIInterfaceOrientationLandscapeRight";
				LD_RUNPATH_SEARCH_PATHS = (
					"$(inherited)",
					"@executable_path/Frameworks",
				);
				MARKETING_VERSION = 1.0;
				PRODUCT_BUNDLE_IDENTIFIER = br.com.kallas.SwiftArquiteturas;
				PRODUCT_NAME = "$(TARGET_NAME)";
				SWIFT_EMIT_LOC_STRINGS = YES;
				SWIFT_VERSION = 5.0;
				TARGETED_DEVICE_FAMILY = "1,2";
			};
			name = Debug;
		};
		23283C0E296A0F5B000F3F6C /* Release */ = {
			isa = XCBuildConfiguration;
			baseConfigurationReference = BEDEAFA4C130715CB027E7B6 /* Pods-SwiftArquiteturas.release.xcconfig */;
			buildSettings = {
				ASSETCATALOG_COMPILER_APPICON_NAME = AppIcon;
				ASSETCATALOG_COMPILER_GLOBAL_ACCENT_COLOR_NAME = AccentColor;
				CODE_SIGN_STYLE = Automatic;
				CURRENT_PROJECT_VERSION = 1;
				GENERATE_INFOPLIST_FILE = YES;
				INFOPLIST_FILE = SwiftArquiteturas/Info.plist;
				INFOPLIST_KEY_UIApplicationSupportsIndirectInputEvents = YES;
				INFOPLIST_KEY_UILaunchStoryboardName = LaunchScreen;
				INFOPLIST_KEY_UIMainStoryboardFile = "";
				INFOPLIST_KEY_UISupportedInterfaceOrientations_iPad = "UIInterfaceOrientationPortrait UIInterfaceOrientationPortraitUpsideDown UIInterfaceOrientationLandscapeLeft UIInterfaceOrientationLandscapeRight";
				INFOPLIST_KEY_UISupportedInterfaceOrientations_iPhone = "UIInterfaceOrientationPortrait UIInterfaceOrientationLandscapeLeft UIInterfaceOrientationLandscapeRight";
				LD_RUNPATH_SEARCH_PATHS = (
					"$(inherited)",
					"@executable_path/Frameworks",
				);
				MARKETING_VERSION = 1.0;
				PRODUCT_BUNDLE_IDENTIFIER = br.com.kallas.SwiftArquiteturas;
				PRODUCT_NAME = "$(TARGET_NAME)";
				SWIFT_EMIT_LOC_STRINGS = YES;
				SWIFT_VERSION = 5.0;
				TARGETED_DEVICE_FAMILY = "1,2";
			};
			name = Release;
		};
/* End XCBuildConfiguration section */

/* Begin XCConfigurationList section */
		23283BF3296A0F56000F3F6C /* Build configuration list for PBXProject "SwiftArquiteturas" */ = {
			isa = XCConfigurationList;
			buildConfigurations = (
				23283C0A296A0F5B000F3F6C /* Debug */,
				23283C0B296A0F5B000F3F6C /* Release */,
			);
			defaultConfigurationIsVisible = 0;
			defaultConfigurationName = Release;
		};
		23283C0C296A0F5B000F3F6C /* Build configuration list for PBXNativeTarget "SwiftArquiteturas" */ = {
			isa = XCConfigurationList;
			buildConfigurations = (
				23283C0D296A0F5B000F3F6C /* Debug */,
				23283C0E296A0F5B000F3F6C /* Release */,
			);
			defaultConfigurationIsVisible = 0;
			defaultConfigurationName = Release;
		};
/* End XCConfigurationList section */
	};
	rootObject = 23283BF0296A0F56000F3F6C /* Project object */;
}
